<?xml version="1.0" encoding="UTF-8" standalone="yes" ?>
<CodeBlocks_project_file>
	<FileVersion major="1" minor="6" />
	<Project>
		<Option title="Brave Soul" />
		<Option pch_mode="2" />
		<Option compiler="gcc" />
		<Option virtualFolders="BVSL\;BVSL\Logic\;BVSL\Logic\header\;BVSL\Core\;BVSL\Core\src\;BVSL\Core\header\;BVSL\Logic\src\;BVSL\States\;Scene\;Scene\header\;Scene\src\;" />
		<Build>
			<Target title="Debug">
				<Option output="bin/Debug/Brave Soul" prefix_auto="1" extension_auto="1" />
				<Option object_output="obj/Debug/" />
				<Option type="1" />
				<Option compiler="gcc" />
				<Option projectLinkerOptionsRelation="2" />
				<Compiler>
					<Add option="-std=c++11" />
					<Add option="-Wall" />
					<Add option="-g" />
					<Add option="-std=gnu++11" />
					<Add directory="include" />
				</Compiler>
				<Linker>
					<Add library="sfml-graphics" />
					<Add library="sfml-window" />
					<Add library="sfml-system" />
					<Add library="sfml-audio" />
				</Linker>
			</Target>
			<Target title="Release">
				<Option output="bin/Release/Brave Soul" prefix_auto="1" extension_auto="1" />
				<Option object_output="obj/Release/" />
				<Option type="0" />
				<Option compiler="gcc" />
				<Compiler>
					<Add option="-O2" />
					<Add option="-std=c++11" />
					<Add option="-std=gnu++11" />
					<Add directory="include" />
				</Compiler>
				<Linker>
					<Add option="-s" />
				</Linker>
			</Target>
		</Build>
		<Compiler>
			<Add option="-std=c++11" />
			<Add option="-Wall" />
			<Add option="-std=gnu++11" />
			<Add option="-DSFML_STATIC" />
			<Add directory="include" />
			<Add directory="C:/Users/Dennis/Documents/SFML-2.1/include" />
			<Add directory="C:/SFML-2.1/include" />
			<Add directory="C:/Users/Charles/Desktop/Saves/Programming/SFML Projects/lib/SFGUI-0.2.0 - Source/include" />
			<Add directory="C:/Users/Charles/Desktop/Saves/Programming/SFML Projects/lib/SFML-2.1/include" />
		</Compiler>
		<Linker>
			<Add library="sfml-graphics" />
			<Add library="sfml-window" />
			<Add library="sfml-system" />
			<Add library="sfml-audio" />
			<Add library="libsfgui" />
			<Add directory="lib" />
			<Add directory="C:/Users/Dennis/Documents/SFML-2.1/lib" />
			<Add directory="C:/SFML-2.1/lib" />
			<Add directory="C:/Users/Charles/Desktop/Saves/Programming/SFML Projects/lib/SFGUI-0.2.0 - Source/lib" />
			<Add directory="C:/Users/Charles/Desktop/Saves/Programming/SFML Projects/lib/SFML-2.1/lib" />
		</Linker>
		<Unit filename="include/Abilities.h">
			<Option virtualFolder="BVSL/Logic/header/" />
		</Unit>
		<Unit filename="include/AnimatedSprite.h">
			<Option virtualFolder="BVSL/Core/header/" />
		</Unit>
		<Unit filename="include/Animation.h">
			<Option virtualFolder="BVSL/Core/header/" />
		</Unit>
		<Unit filename="include/Attack.h">
			<Option virtualFolder="BVSL/Logic/header/" />
		</Unit>
		<Unit filename="include/AttackD.h" />
		<Unit filename="include/AudioHandler.h">
			<Option virtualFolder="BVSL/Core/header/" />
		</Unit>
		<Unit filename="include/Character.h">
			<Option virtualFolder="BVSL/Logic/header/" />
		</Unit>
		<Unit filename="include/ComplexShape.h" />
		<Unit filename="include/Cursor.h" />
		<Unit filename="include/Damage.h">
			<Option virtualFolder="BVSL/Logic/header/" />
		</Unit>
		<Unit filename="include/Effect.h">
			<Option virtualFolder="BVSL/Logic/header/" />
		</Unit>
		<Unit filename="include/EffectEnum.h" />
		<Unit filename="include/Field.h" />
		<Unit filename="include/Frozen.h">
			<Option virtualFolder="BVSL/Logic/header/" />
		</Unit>
		<Unit filename="include/GameObject.h">
			<Option virtualFolder="BVSL/Core/header/" />
		</Unit>
		<Unit filename="include/HollowBox.h" />
		<Unit filename="include/Intro.h">
			<Option virtualFolder="Scene/header/" />
		</Unit>
		<Unit filename="include/LogicTest.h">
			<Option virtualFolder="Scene/header/" />
		</Unit>
		<Unit filename="include/Map.h">
			<Option virtualFolder="BVSL/Core/header/" />
		</Unit>
		<Unit filename="include/Menu.h">
			<Option virtualFolder="Scene/header/" />
		</Unit>
		<Unit filename="include/Offense.h">
			<Option virtualFolder="BVSL/Logic/header/" />
		</Unit>
		<Unit filename="include/Punch.h" />
		<Unit filename="include/RenderHandler.h">
			<Option virtualFolder="BVSL/Core/header/" />
		</Unit>
		<Unit filename="include/Scene.h">
			<Option virtualFolder="BVSL/Core/header/" />
		</Unit>
		<Unit filename="include/Selector.h" />
		<Unit filename="include/State.h">
			<Option virtualFolder="BVSL/Core/header/" />
		</Unit>
		<Unit filename="include/StateManager.h">
			<Option virtualFolder="BVSL/Core/header/" />
		</Unit>
		<Unit filename="include/Stats.h" />
		<Unit filename="include/TDScene.h">
			<Option virtualFolder="Scene/header/" />
		</Unit>
		<Unit filename="include/TestLevel.h">
			<Option virtualFolder="Scene/header/" />
		</Unit>
		<Unit filename="include/Vector3iCompare.h" />
		<Unit filename="include/Weapon.h">
			<Option virtualFolder="BVSL/Logic/header/" />
		</Unit>
		<Unit filename="main.cpp" />
		<Unit filename="src/Abilities.cpp">
			<Option virtualFolder="BVSL/Logic/src/" />
		</Unit>
		<Unit filename="src/AnimatedSprite.cpp">
			<Option virtualFolder="BVSL/Core/src/" />
		</Unit>
		<Unit filename="src/Animation.cpp">
			<Option virtualFolder="BVSL/Core/src/" />
		</Unit>
		<Unit filename="src/Attack.cpp">
			<Option virtualFolder="BVSL/Logic/src/" />
		</Unit>
		<Unit filename="src/AttackD.cpp" />
		<Unit filename="src/AudioHandler.cpp">
			<Option virtualFolder="BVSL/Core/src/" />
		</Unit>
		<Unit filename="src/Character.cpp">
			<Option virtualFolder="BVSL/Logic/src/" />
		</Unit>
		<Unit filename="src/Cursor.cpp" />
		<Unit filename="src/Damage.cpp">
			<Option virtualFolder="BVSL/Logic/src/" />
		</Unit>
		<Unit filename="src/Effect.cpp">
			<Option virtualFolder="BVSL/Logic/src/" />
		</Unit>
		<Unit filename="src/Field.cpp" />
		<Unit filename="src/Frozen.cpp">
			<Option virtualFolder="BVSL/Logic/src/" />
		</Unit>
		<Unit filename="src/GameObject.cpp">
			<Option virtualFolder="BVSL/Core/src/" />
		</Unit>
		<Unit filename="src/HollowBox.cpp" />
		<Unit filename="src/Intro.cpp">
			<Option virtualFolder="Scene/src/" />
		</Unit>
		<Unit filename="src/LogicTest.cpp">
			<Option virtualFolder="Scene/src/" />
		</Unit>
		<Unit filename="src/Map.cpp">
			<Option virtualFolder="BVSL/Core/src/" />
		</Unit>
		<Unit filename="src/Menu.cpp">
			<Option virtualFolder="Scene/src/" />
		</Unit>
		<Unit filename="src/Offense.cpp">
			<Option virtualFolder="BVSL/Logic/src/" />
		</Unit>
		<Unit filename="src/Punch.cpp" />
		<Unit filename="src/RenderHandler.cpp">
			<Option virtualFolder="BVSL/Core/src/" />
		</Unit>
		<Unit filename="src/Scene.cpp">
			<Option virtualFolder="BVSL/Core/src/" />
		</Unit>
		<Unit filename="src/Selector.cpp" />
		<Unit filename="src/StateManager.cpp">
			<Option virtualFolder="BVSL/Core/src/" />
		</Unit>
		<Unit filename="src/Stats.cpp" />
		<Unit filename="src/TDScene.cpp">
			<Option virtualFolder="Scene/src/" />
		</Unit>
		<Unit filename="src/TestLevel.cpp">
			<Option virtualFolder="Scene/src/" />
		</Unit>
		<Unit filename="src/Vector3iCompare.cpp" />
		<Unit filename="src/Weapon.cpp">
			<Option virtualFolder="BVSL/Logic/src/" />
		</Unit>
		<Extensions>
			<code_completion />
			<debugger />
			<envvars />
		</Extensions>
	</Project>
</CodeBlocks_project_file>
